
Microsoft Visual Studio Solution File, Format Version 12.00
# Visual Studio Version 17
VisualStudioVersion = 17.6.33829.357
MinimumVisualStudioVersion = 10.0.40219.1
Project("{FAE04EC0-301F-11D3-BF4B-00C04F79EFBC}") = "CIS236_Unit2Project", "CIS236_Unit2Project\CIS236_Unit2Project.csproj", "{68B4FB79-2A02-45B5-B001-A55C579CB785}"
EndProject
Global
	GlobalSection(SolutionConfigurationPlatforms) = preSolution
		Debug|Any CPU = Debug|Any CPU
		Release|Any CPU = Release|Any CPU
	EndGlobalSection
	GlobalSection(ProjectConfigurationPlatforms) = postSolution
		{68B4FB79-2A02-45B5-B001-A55C579CB785}.Debug|Any CPU.ActiveCfg = Debug|Any CPU
		{68B4FB79-2A02-45B5-B001-A55C579CB785}.Debug|Any CPU.Build.0 = Debug|Any CPU
		{68B4FB79-2A02-45B5-B001-A55C579CB785}.Release|Any CPU.ActiveCfg = Release|Any CPU
		{68B4FB79-2A02-45B5-B001-A55C579CB785}.Release|Any CPU.Build.0 = Release|Any CPU
	EndGlobalSection
	GlobalSection(SolutionProperties) = preSolution
		HideSolutionNode = FALSE
	EndGlobalSection
	GlobalSection(ExtensibilityGlobals) = postSolution
		SolutionGuid = {E27AD93A-B6C3-4712-A589-583DA0FB4AF5}
	EndGlobalSection
EndGlobal
